// !$*UTF8*$!
{
	archiveVersion = 1;
	classes = {
	};
	objectVersion = 56;
	objects = {

/* Begin PBXBuildFile section */
		CE0802792B6CB1A4008CB426 /* RecordedSoundCell.swift in Sources */ = {isa = PBXBuildFile; fileRef = CE0802782B6CB1A4008CB426 /* RecordedSoundCell.swift */; };
		CE0E11732B663B9D00E146EE /* Sounds+CoreDataClass.swift in Sources */ = {isa = PBXBuildFile; fileRef = CE0E11712B663B9D00E146EE /* Sounds+CoreDataClass.swift */; };
		CE0E11742B663B9D00E146EE /* Sounds+CoreDataProperties.swift in Sources */ = {isa = PBXBuildFile; fileRef = CE0E11722B663B9D00E146EE /* Sounds+CoreDataProperties.swift */; };
		CE37A95E2B66141500DAEE83 /* RecordedSoundsViewController.swift in Sources */ = {isa = PBXBuildFile; fileRef = CE37A95D2B66141500DAEE83 /* RecordedSoundsViewController.swift */; };
		CE8D38DE2B5D1780004709F8 /* 1.wav in Resources */ = {isa = PBXBuildFile; fileRef = CE8D38DD2B5D1780004709F8 /* 1.wav */; };
		CE8D38E02B5D17DC004709F8 /* 2.wav in Resources */ = {isa = PBXBuildFile; fileRef = CE8D38DF2B5D17DC004709F8 /* 2.wav */; };
		CE8D38E22B5D17E1004709F8 /* 3.wav in Resources */ = {isa = PBXBuildFile; fileRef = CE8D38E12B5D17E1004709F8 /* 3.wav */; };
		CE8D38E42B5D17E6004709F8 /* 4.wav in Resources */ = {isa = PBXBuildFile; fileRef = CE8D38E32B5D17E6004709F8 /* 4.wav */; };
		CE8D38E62B5D17ED004709F8 /* 5.wav in Resources */ = {isa = PBXBuildFile; fileRef = CE8D38E52B5D17ED004709F8 /* 5.wav */; };
		CE8D38E82B5D17F1004709F8 /* 6.wav in Resources */ = {isa = PBXBuildFile; fileRef = CE8D38E72B5D17F1004709F8 /* 6.wav */; };
		CE8D38EA2B5D17F7004709F8 /* 7.wav in Resources */ = {isa = PBXBuildFile; fileRef = CE8D38E92B5D17F7004709F8 /* 7.wav */; };
		CE8D390E2B60A4B5004709F8 /* m6.wav in Resources */ = {isa = PBXBuildFile; fileRef = CE8D39052B60A4B5004709F8 /* m6.wav */; };
		CE8D390F2B60A4B5004709F8 /* m3.wav in Resources */ = {isa = PBXBuildFile; fileRef = CE8D39062B60A4B5004709F8 /* m3.wav */; };
		CE8D39102B60A4B5004709F8 /* m1.wav in Resources */ = {isa = PBXBuildFile; fileRef = CE8D39072B60A4B5004709F8 /* m1.wav */; };
		CE8D39112B60A4B5004709F8 /* m9.wav in Resources */ = {isa = PBXBuildFile; fileRef = CE8D39082B60A4B5004709F8 /* m9.wav */; };
		CE8D39122B60A4B5004709F8 /* m7.wav in Resources */ = {isa = PBXBuildFile; fileRef = CE8D39092B60A4B5004709F8 /* m7.wav */; };
		CE8D39132B60A4B5004709F8 /* m8.wav in Resources */ = {isa = PBXBuildFile; fileRef = CE8D390A2B60A4B5004709F8 /* m8.wav */; };
		CE8D39142B60A4B5004709F8 /* m5.wav in Resources */ = {isa = PBXBuildFile; fileRef = CE8D390B2B60A4B5004709F8 /* m5.wav */; };
		CE8D39152B60A4B5004709F8 /* m4.wav in Resources */ = {isa = PBXBuildFile; fileRef = CE8D390C2B60A4B5004709F8 /* m4.wav */; };
		CE8D39162B60A4B5004709F8 /* m2.wav in Resources */ = {isa = PBXBuildFile; fileRef = CE8D390D2B60A4B5004709F8 /* m2.wav */; };
		CE8D391A2B63707B004709F8 /* CoreDataManager.swift in Sources */ = {isa = PBXBuildFile; fileRef = CE8D39192B63707B004709F8 /* CoreDataManager.swift */; };
		CE9DA2512B5B8EBD003DC918 /* AppDelegate.swift in Sources */ = {isa = PBXBuildFile; fileRef = CE9DA2502B5B8EBD003DC918 /* AppDelegate.swift */; };
		CE9DA2532B5B8EBD003DC918 /* SceneDelegate.swift in Sources */ = {isa = PBXBuildFile; fileRef = CE9DA2522B5B8EBD003DC918 /* SceneDelegate.swift */; };
		CE9DA2552B5B8EBD003DC918 /* ViewController.swift in Sources */ = {isa = PBXBuildFile; fileRef = CE9DA2542B5B8EBD003DC918 /* ViewController.swift */; };
		CE9DA2582B5B8EBD003DC918 /* Main.storyboard in Resources */ = {isa = PBXBuildFile; fileRef = CE9DA2562B5B8EBD003DC918 /* Main.storyboard */; };
		CE9DA25B2B5B8EBD003DC918 /* NyanNote.xcdatamodeld in Sources */ = {isa = PBXBuildFile; fileRef = CE9DA2592B5B8EBD003DC918 /* NyanNote.xcdatamodeld */; };
		CE9DA25D2B5B8EBF003DC918 /* Assets.xcassets in Resources */ = {isa = PBXBuildFile; fileRef = CE9DA25C2B5B8EBF003DC918 /* Assets.xcassets */; };
		CE9DA2602B5B8EBF003DC918 /* LaunchScreen.storyboard in Resources */ = {isa = PBXBuildFile; fileRef = CE9DA25E2B5B8EBF003DC918 /* LaunchScreen.storyboard */; };
		CE9DA2682B5B8F04003DC918 /* PianoViewController.swift in Sources */ = {isa = PBXBuildFile; fileRef = CE9DA2672B5B8F04003DC918 /* PianoViewController.swift */; };
		CE9DA26A2B5B8F1C003DC918 /* PianoViewController.storyboard in Resources */ = {isa = PBXBuildFile; fileRef = CE9DA2692B5B8F1C003DC918 /* PianoViewController.storyboard */; };
		CE9DA2722B5BA014003DC918 /* Meowsic.swift in Sources */ = {isa = PBXBuildFile; fileRef = CE9DA2712B5BA014003DC918 /* Meowsic.swift */; };
/* End PBXBuildFile section */

/* Begin PBXFileReference section */
		CE0802782B6CB1A4008CB426 /* RecordedSoundCell.swift */ = {isa = PBXFileReference; lastKnownFileType = sourcecode.swift; path = RecordedSoundCell.swift; sourceTree = "<group>"; };
		CE0E11712B663B9D00E146EE /* Sounds+CoreDataClass.swift */ = {isa = PBXFileReference; lastKnownFileType = sourcecode.swift; path = "Sounds+CoreDataClass.swift"; sourceTree = "<group>"; };
		CE0E11722B663B9D00E146EE /* Sounds+CoreDataProperties.swift */ = {isa = PBXFileReference; lastKnownFileType = sourcecode.swift; path = "Sounds+CoreDataProperties.swift"; sourceTree = "<group>"; };
		CE37A95D2B66141500DAEE83 /* RecordedSoundsViewController.swift */ = {isa = PBXFileReference; lastKnownFileType = sourcecode.swift; path = RecordedSoundsViewController.swift; sourceTree = "<group>"; };
		CE8D38DD2B5D1780004709F8 /* 1.wav */ = {isa = PBXFileReference; lastKnownFileType = audio.wav; path = 1.wav; sourceTree = "<group>"; };
		CE8D38DF2B5D17DC004709F8 /* 2.wav */ = {isa = PBXFileReference; lastKnownFileType = audio.wav; path = 2.wav; sourceTree = "<group>"; };
		CE8D38E12B5D17E1004709F8 /* 3.wav */ = {isa = PBXFileReference; lastKnownFileType = audio.wav; path = 3.wav; sourceTree = "<group>"; };
		CE8D38E32B5D17E6004709F8 /* 4.wav */ = {isa = PBXFileReference; lastKnownFileType = audio.wav; path = 4.wav; sourceTree = "<group>"; };
		CE8D38E52B5D17ED004709F8 /* 5.wav */ = {isa = PBXFileReference; lastKnownFileType = audio.wav; path = 5.wav; sourceTree = "<group>"; };
		CE8D38E72B5D17F1004709F8 /* 6.wav */ = {isa = PBXFileReference; lastKnownFileType = audio.wav; path = 6.wav; sourceTree = "<group>"; };
		CE8D38E92B5D17F7004709F8 /* 7.wav */ = {isa = PBXFileReference; lastKnownFileType = audio.wav; path = 7.wav; sourceTree = "<group>"; };
		CE8D39052B60A4B5004709F8 /* m6.wav */ = {isa = PBXFileReference; lastKnownFileType = audio.wav; path = m6.wav; sourceTree = "<group>"; };
		CE8D39062B60A4B5004709F8 /* m3.wav */ = {isa = PBXFileReference; lastKnownFileType = audio.wav; path = m3.wav; sourceTree = "<group>"; };
		CE8D39072B60A4B5004709F8 /* m1.wav */ = {isa = PBXFileReference; lastKnownFileType = audio.wav; path = m1.wav; sourceTree = "<group>"; };
		CE8D39082B60A4B5004709F8 /* m9.wav */ = {isa = PBXFileReference; lastKnownFileType = audio.wav; path = m9.wav; sourceTree = "<group>"; };
		CE8D39092B60A4B5004709F8 /* m7.wav */ = {isa = PBXFileReference; lastKnownFileType = audio.wav; path = m7.wav; sourceTree = "<group>"; };
		CE8D390A2B60A4B5004709F8 /* m8.wav */ = {isa = PBXFileReference; lastKnownFileType = audio.wav; path = m8.wav; sourceTree = "<group>"; };
		CE8D390B2B60A4B5004709F8 /* m5.wav */ = {isa = PBXFileReference; lastKnownFileType = audio.wav; path = m5.wav; sourceTree = "<group>"; };
		CE8D390C2B60A4B5004709F8 /* m4.wav */ = {isa = PBXFileReference; lastKnownFileType = audio.wav; path = m4.wav; sourceTree = "<group>"; };
		CE8D390D2B60A4B5004709F8 /* m2.wav */ = {isa = PBXFileReference; lastKnownFileType = audio.wav; path = m2.wav; sourceTree = "<group>"; };
		CE8D39192B63707B004709F8 /* CoreDataManager.swift */ = {isa = PBXFileReference; lastKnownFileType = sourcecode.swift; path = CoreDataManager.swift; sourceTree = "<group>"; };
		CE9DA24D2B5B8EBD003DC918 /* NyanNote.app */ = {isa = PBXFileReference; explicitFileType = wrapper.application; includeInIndex = 0; path = NyanNote.app; sourceTree = BUILT_PRODUCTS_DIR; };
		CE9DA2502B5B8EBD003DC918 /* AppDelegate.swift */ = {isa = PBXFileReference; lastKnownFileType = sourcecode.swift; path = AppDelegate.swift; sourceTree = "<group>"; };
		CE9DA2522B5B8EBD003DC918 /* SceneDelegate.swift */ = {isa = PBXFileReference; lastKnownFileType = sourcecode.swift; path = SceneDelegate.swift; sourceTree = "<group>"; };
		CE9DA2542B5B8EBD003DC918 /* ViewController.swift */ = {isa = PBXFileReference; lastKnownFileType = sourcecode.swift; path = ViewController.swift; sourceTree = "<group>"; };
		CE9DA2572B5B8EBD003DC918 /* Base */ = {isa = PBXFileReference; lastKnownFileType = file.storyboard; name = Base; path = Base.lproj/Main.storyboard; sourceTree = "<group>"; };
		CE9DA25A2B5B8EBD003DC918 /* NyanNote.xcdatamodel */ = {isa = PBXFileReference; lastKnownFileType = wrapper.xcdatamodel; path = NyanNote.xcdatamodel; sourceTree = "<group>"; };
		CE9DA25C2B5B8EBF003DC918 /* Assets.xcassets */ = {isa = PBXFileReference; lastKnownFileType = folder.assetcatalog; path = Assets.xcassets; sourceTree = "<group>"; };
		CE9DA25F2B5B8EBF003DC918 /* Base */ = {isa = PBXFileReference; lastKnownFileType = file.storyboard; name = Base; path = Base.lproj/LaunchScreen.storyboard; sourceTree = "<group>"; };
		CE9DA2612B5B8EBF003DC918 /* Info.plist */ = {isa = PBXFileReference; lastKnownFileType = text.plist.xml; path = Info.plist; sourceTree = "<group>"; };
		CE9DA2672B5B8F04003DC918 /* PianoViewController.swift */ = {isa = PBXFileReference; lastKnownFileType = sourcecode.swift; path = PianoViewController.swift; sourceTree = "<group>"; };
		CE9DA2692B5B8F1C003DC918 /* PianoViewController.storyboard */ = {isa = PBXFileReference; lastKnownFileType = file.storyboard; path = PianoViewController.storyboard; sourceTree = "<group>"; };
		CE9DA2712B5BA014003DC918 /* Meowsic.swift */ = {isa = PBXFileReference; lastKnownFileType = sourcecode.swift; path = Meowsic.swift; sourceTree = "<group>"; };
/* End PBXFileReference section */

/* Begin PBXFrameworksBuildPhase section */
		CE9DA24A2B5B8EBD003DC918 /* Frameworks */ = {
			isa = PBXFrameworksBuildPhase;
			buildActionMask = 2147483647;
			files = (
			);
			runOnlyForDeploymentPostprocessing = 0;
		};
/* End PBXFrameworksBuildPhase section */

/* Begin PBXGroup section */
		CE9DA2442B5B8EBD003DC918 = {
			isa = PBXGroup;
			children = (
				CE0E11712B663B9D00E146EE /* Sounds+CoreDataClass.swift */,
				CE0802782B6CB1A4008CB426 /* RecordedSoundCell.swift */,
				CE0E11722B663B9D00E146EE /* Sounds+CoreDataProperties.swift */,
				CE9DA24F2B5B8EBD003DC918 /* NyanNote */,
				CE9DA24E2B5B8EBD003DC918 /* Products */,
			);
			sourceTree = "<group>";
		};
		CE9DA24E2B5B8EBD003DC918 /* Products */ = {
			isa = PBXGroup;
			children = (
				CE9DA24D2B5B8EBD003DC918 /* NyanNote.app */,
			);
			name = Products;
			sourceTree = "<group>";
		};
		CE9DA24F2B5B8EBD003DC918 /* NyanNote */ = {
			isa = PBXGroup;
			children = (
				CE9DA2692B5B8F1C003DC918 /* PianoViewController.storyboard */,
				CE9DA2672B5B8F04003DC918 /* PianoViewController.swift */,
				CE9DA2712B5BA014003DC918 /* Meowsic.swift */,
				CE9DA2502B5B8EBD003DC918 /* AppDelegate.swift */,
				CE9DA2522B5B8EBD003DC918 /* SceneDelegate.swift */,
				CE9DA2542B5B8EBD003DC918 /* ViewController.swift */,
				CE8D38DD2B5D1780004709F8 /* 1.wav */,
				CE8D38DF2B5D17DC004709F8 /* 2.wav */,
				CE8D38E12B5D17E1004709F8 /* 3.wav */,
				CE8D38E32B5D17E6004709F8 /* 4.wav */,
				CE8D38E52B5D17ED004709F8 /* 5.wav */,
				CE8D38E72B5D17F1004709F8 /* 6.wav */,
				CE8D38E92B5D17F7004709F8 /* 7.wav */,
				CE8D39072B60A4B5004709F8 /* m1.wav */,
				CE8D390D2B60A4B5004709F8 /* m2.wav */,
				CE8D39062B60A4B5004709F8 /* m3.wav */,
				CE8D390C2B60A4B5004709F8 /* m4.wav */,
				CE8D390B2B60A4B5004709F8 /* m5.wav */,
				CE8D39052B60A4B5004709F8 /* m6.wav */,
				CE8D39092B60A4B5004709F8 /* m7.wav */,
				CE8D390A2B60A4B5004709F8 /* m8.wav */,
				CE8D39082B60A4B5004709F8 /* m9.wav */,
				CE9DA2562B5B8EBD003DC918 /* Main.storyboard */,
				CE9DA25C2B5B8EBF003DC918 /* Assets.xcassets */,
				CE9DA25E2B5B8EBF003DC918 /* LaunchScreen.storyboard */,
				CE9DA2612B5B8EBF003DC918 /* Info.plist */,
				CE9DA2592B5B8EBD003DC918 /* NyanNote.xcdatamodeld */,
				CE8D39192B63707B004709F8 /* CoreDataManager.swift */,
				CE37A95D2B66141500DAEE83 /* RecordedSoundsViewController.swift */,
			);
			path = NyanNote;
			sourceTree = "<group>";
		};
/* End PBXGroup section */

/* Begin PBXNativeTarget section */
		CE9DA24C2B5B8EBD003DC918 /* NyanNote */ = {
			isa = PBXNativeTarget;
			buildConfigurationList = CE9DA2642B5B8EBF003DC918 /* Build configuration list for PBXNativeTarget "NyanNote" */;
			buildPhases = (
				CE9DA2492B5B8EBD003DC918 /* Sources */,
				CE9DA24A2B5B8EBD003DC918 /* Frameworks */,
				CE9DA24B2B5B8EBD003DC918 /* Resources */,
			);
			buildRules = (
			);
			dependencies = (
			);
			name = NyanNote;
			productName = NyanNote;
			productReference = CE9DA24D2B5B8EBD003DC918 /* NyanNote.app */;
			productType = "com.apple.product-type.application";
		};
/* End PBXNativeTarget section */

/* Begin PBXProject section */
		CE9DA2452B5B8EBD003DC918 /* Project object */ = {
			isa = PBXProject;
			attributes = {
				BuildIndependentTargetsInParallel = 1;
				LastSwiftUpdateCheck = 1520;
				LastUpgradeCheck = 1520;
				TargetAttributes = {
					CE9DA24C2B5B8EBD003DC918 = {
						CreatedOnToolsVersion = 15.2;
					};
				};
			};
			buildConfigurationList = CE9DA2482B5B8EBD003DC918 /* Build configuration list for PBXProject "NyanNote" */;
			compatibilityVersion = "Xcode 14.0";
			developmentRegion = en;
			hasScannedForEncodings = 0;
			knownRegions = (
				en,
				Base,
			);
			mainGroup = CE9DA2442B5B8EBD003DC918;
			productRefGroup = CE9DA24E2B5B8EBD003DC918 /* Products */;
			projectDirPath = "";
			projectRoot = "";
			targets = (
				CE9DA24C2B5B8EBD003DC918 /* NyanNote */,
			);
		};
/* End PBXProject section */

/* Begin PBXResourcesBuildPhase section */
		CE9DA24B2B5B8EBD003DC918 /* Resources */ = {
			isa = PBXResourcesBuildPhase;
			buildActionMask = 2147483647;
			files = (
				CE8D39112B60A4B5004709F8 /* m9.wav in Resources */,
				CE8D390F2B60A4B5004709F8 /* m3.wav in Resources */,
				CE8D39152B60A4B5004709F8 /* m4.wav in Resources */,
				CE8D38EA2B5D17F7004709F8 /* 7.wav in Resources */,
				CE8D38E62B5D17ED004709F8 /* 5.wav in Resources */,
				CE8D39162B60A4B5004709F8 /* m2.wav in Resources */,
				CE8D39142B60A4B5004709F8 /* m5.wav in Resources */,
				CE8D38E22B5D17E1004709F8 /* 3.wav in Resources */,
				CE8D38DE2B5D1780004709F8 /* 1.wav in Resources */,
				CE8D39122B60A4B5004709F8 /* m7.wav in Resources */,
				CE9DA2602B5B8EBF003DC918 /* LaunchScreen.storyboard in Resources */,
				CE8D39102B60A4B5004709F8 /* m1.wav in Resources */,
				CE9DA25D2B5B8EBF003DC918 /* Assets.xcassets in Resources */,
				CE8D38E82B5D17F1004709F8 /* 6.wav in Resources */,
				CE8D38E02B5D17DC004709F8 /* 2.wav in Resources */,
				CE8D38E42B5D17E6004709F8 /* 4.wav in Resources */,
				CE8D390E2B60A4B5004709F8 /* m6.wav in Resources */,
				CE8D39132B60A4B5004709F8 /* m8.wav in Resources */,
				CE9DA2582B5B8EBD003DC918 /* Main.storyboard in Resources */,
				CE9DA26A2B5B8F1C003DC918 /* PianoViewController.storyboard in Resources */,
			);
			runOnlyForDeploymentPostprocessing = 0;
		};
/* End PBXResourcesBuildPhase section */

/* Begin PBXSourcesBuildPhase section */
		CE9DA2492B5B8EBD003DC918 /* Sources */ = {
			isa = PBXSourcesBuildPhase;
			buildActionMask = 2147483647;
			files = (
				CE9DA2552B5B8EBD003DC918 /* ViewController.swift in Sources */,
				CE9DA2722B5BA014003DC918 /* Meowsic.swift in Sources */,
				CE0E11732B663B9D00E146EE /* Sounds+CoreDataClass.swift in Sources */,
				CE9DA2682B5B8F04003DC918 /* PianoViewController.swift in Sources */,
				CE9DA25B2B5B8EBD003DC918 /* NyanNote.xcdatamodeld in Sources */,
				CE9DA2512B5B8EBD003DC918 /* AppDelegate.swift in Sources */,
				CE8D391A2B63707B004709F8 /* CoreDataManager.swift in Sources */,
				CE0E11742B663B9D00E146EE /* Sounds+CoreDataProperties.swift in Sources */,
				CE37A95E2B66141500DAEE83 /* RecordedSoundsViewController.swift in Sources */,
				CE9DA2532B5B8EBD003DC918 /* SceneDelegate.swift in Sources */,
				CE0802792B6CB1A4008CB426 /* RecordedSoundCell.swift in Sources */,
			);
			runOnlyForDeploymentPostprocessing = 0;
		};
/* End PBXSourcesBuildPhase section */

/* Begin PBXVariantGroup section */
		CE9DA2562B5B8EBD003DC918 /* Main.storyboard */ = {
			isa = PBXVariantGroup;
			children = (
				CE9DA2572B5B8EBD003DC918 /* Base */,
			);
			name = Main.storyboard;
			sourceTree = "<group>";
		};
		CE9DA25E2B5B8EBF003DC918 /* LaunchScreen.storyboard */ = {
			isa = PBXVariantGroup;
			children = (
				CE9DA25F2B5B8EBF003DC918 /* Base */,
			);
			name = LaunchScreen.storyboard;
			sourceTree = "<group>";
		};
/* End PBXVariantGroup section */

/* Begin XCBuildConfiguration section */
		CE9DA2622B5B8EBF003DC918 /* Debug */ = {
			isa = XCBuildConfiguration;
			buildSettings = {
				ALWAYS_SEARCH_USER_PATHS = NO;
				ASSETCATALOG_COMPILER_GENERATE_SWIFT_ASSET_SYMBOL_EXTENSIONS = YES;
				CLANG_ANALYZER_NONNULL = YES;
				CLANG_ANALYZER_NUMBER_OBJECT_CONVERSION = YES_AGGRESSIVE;
				CLANG_CXX_LANGUAGE_STANDARD = "gnu++20";
				CLANG_ENABLE_MODULES = YES;
				CLANG_ENABLE_OBJC_ARC = YES;
				CLANG_ENABLE_OBJC_WEAK = YES;
				CLANG_WARN_BLOCK_CAPTURE_AUTORELEASING = YES;
				CLANG_WARN_BOOL_CONVERSION = YES;
				CLANG_WARN_COMMA = YES;
				CLANG_WARN_CONSTANT_CONVERSION = YES;
				CLANG_WARN_DEPRECATED_OBJC_IMPLEMENTATIONS = YES;
				CLANG_WARN_DIRECT_OBJC_ISA_USAGE = YES_ERROR;
				CLANG_WARN_DOCUMENTATION_COMMENTS = YES;
				CLANG_WARN_EMPTY_BODY = YES;
				CLANG_WARN_ENUM_CONVERSION = YES;
				CLANG_WARN_INFINITE_RECURSION = YES;
				CLANG_WARN_INT_CONVERSION = YES;
				CLANG_WARN_NON_LITERAL_NULL_CONVERSION = YES;
				CLANG_WARN_OBJC_IMPLICIT_RETAIN_SELF = YES;
				CLANG_WARN_OBJC_LITERAL_CONVERSION = YES;
				CLANG_WARN_OBJC_ROOT_CLASS = YES_ERROR;
				CLANG_WARN_QUOTED_INCLUDE_IN_FRAMEWORK_HEADER = YES;
				CLANG_WARN_RANGE_LOOP_ANALYSIS = YES;
				CLANG_WARN_STRICT_PROTOTYPES = YES;
				CLANG_WARN_SUSPICIOUS_MOVE = YES;
				CLANG_WARN_UNGUARDED_AVAILABILITY = YES_AGGRESSIVE;
				CLANG_WARN_UNREACHABLE_CODE = YES;
				CLANG_WARN__DUPLICATE_METHOD_MATCH = YES;
				COPY_PHASE_STRIP = NO;
				DEBUG_INFORMATION_FORMAT = dwarf;
				ENABLE_STRICT_OBJC_MSGSEND = YES;
				ENABLE_TESTABILITY = YES;
				ENABLE_USER_SCRIPT_SANDBOXING = YES;
				GCC_C_LANGUAGE_STANDARD = gnu17;
				GCC_DYNAMIC_NO_PIC = NO;
				GCC_NO_COMMON_BLOCKS = YES;
				GCC_OPTIMIZATION_LEVEL = 0;
				GCC_PREPROCESSOR_DEFINITIONS = (
					"DEBUG=1",
					"$(inherited)",
				);
				GCC_WARN_64_TO_32_BIT_CONVERSION = YES;
				GCC_WARN_ABOUT_RETURN_TYPE = YES_ERROR;
				GCC_WARN_UNDECLARED_SELECTOR = YES;
				GCC_WARN_UNINITIALIZED_AUTOS = YES_AGGRESSIVE;
				GCC_WARN_UNUSED_FUNCTION = YES;
				GCC_WARN_UNUSED_VARIABLE = YES;
				INFOPLIST_KEY_LSApplicationCategoryType = "public.app-category.music";
				IPHONEOS_DEPLOYMENT_TARGET = 17.2;
				LOCALIZATION_PREFERS_STRING_CATALOGS = YES;
				MTL_ENABLE_DEBUG_INFO = INCLUDE_SOURCE;
				MTL_FAST_MATH = YES;
				ONLY_ACTIVE_ARCH = YES;
				SDKROOT = iphoneos;
				SWIFT_ACTIVE_COMPILATION_CONDITIONS = "DEBUG $(inherited)";
				SWIFT_OPTIMIZATION_LEVEL = "-Onone";
			};
			name = Debug;
		};
		CE9DA2632B5B8EBF003DC918 /* Release */ = {
			isa = XCBuildConfiguration;
			buildSettings = {
				ALWAYS_SEARCH_USER_PATHS = NO;
				ASSETCATALOG_COMPILER_GENERATE_SWIFT_ASSET_SYMBOL_EXTENSIONS = YES;
				CLANG_ANALYZER_NONNULL = YES;
				CLANG_ANALYZER_NUMBER_OBJECT_CONVERSION = YES_AGGRESSIVE;
				CLANG_CXX_LANGUAGE_STANDARD = "gnu++20";
				CLANG_ENABLE_MODULES = YES;
				CLANG_ENABLE_OBJC_ARC = YES;
				CLANG_ENABLE_OBJC_WEAK = YES;
				CLANG_WARN_BLOCK_CAPTURE_AUTORELEASING = YES;
				CLANG_WARN_BOOL_CONVERSION = YES;
				CLANG_WARN_COMMA = YES;
				CLANG_WARN_CONSTANT_CONVERSION = YES;
				CLANG_WARN_DEPRECATED_OBJC_IMPLEMENTATIONS = YES;
				CLANG_WARN_DIRECT_OBJC_ISA_USAGE = YES_ERROR;
				CLANG_WARN_DOCUMENTATION_COMMENTS = YES;
				CLANG_WARN_EMPTY_BODY = YES;
				CLANG_WARN_ENUM_CONVERSION = YES;
				CLANG_WARN_INFINITE_RECURSION = YES;
				CLANG_WARN_INT_CONVERSION = YES;
				CLANG_WARN_NON_LITERAL_NULL_CONVERSION = YES;
				CLANG_WARN_OBJC_IMPLICIT_RETAIN_SELF = YES;
				CLANG_WARN_OBJC_LITERAL_CONVERSION = YES;
				CLANG_WARN_OBJC_ROOT_CLASS = YES_ERROR;
				CLANG_WARN_QUOTED_INCLUDE_IN_FRAMEWORK_HEADER = YES;
				CLANG_WARN_RANGE_LOOP_ANALYSIS = YES;
				CLANG_WARN_STRICT_PROTOTYPES = YES;
				CLANG_WARN_SUSPICIOUS_MOVE = YES;
				CLANG_WARN_UNGUARDED_AVAILABILITY = YES_AGGRESSIVE;
				CLANG_WARN_UNREACHABLE_CODE = YES;
				CLANG_WARN__DUPLICATE_METHOD_MATCH = YES;
				COPY_PHASE_STRIP = NO;
				DEBUG_INFORMATION_FORMAT = "dwarf-with-dsym";
				ENABLE_NS_ASSERTIONS = NO;
				ENABLE_STRICT_OBJC_MSGSEND = YES;
				ENABLE_USER_SCRIPT_SANDBOXING = YES;
				GCC_C_LANGUAGE_STANDARD = gnu17;
				GCC_NO_COMMON_BLOCKS = YES;
				GCC_WARN_64_TO_32_BIT_CONVERSION = YES;
				GCC_WARN_ABOUT_RETURN_TYPE = YES_ERROR;
				GCC_WARN_UNDECLARED_SELECTOR = YES;
				GCC_WARN_UNINITIALIZED_AUTOS = YES_AGGRESSIVE;
				GCC_WARN_UNUSED_FUNCTION = YES;
				GCC_WARN_UNUSED_VARIABLE = YES;
				INFOPLIST_KEY_LSApplicationCategoryType = "public.app-category.music";
				IPHONEOS_DEPLOYMENT_TARGET = 17.2;
				LOCALIZATION_PREFERS_STRING_CATALOGS = YES;
				MTL_ENABLE_DEBUG_INFO = NO;
				MTL_FAST_MATH = YES;
				SDKROOT = iphoneos;
				SWIFT_COMPILATION_MODE = wholemodule;
				VALIDATE_PRODUCT = YES;
			};
			name = Release;
		};
		CE9DA2652B5B8EBF003DC918 /* Debug */ = {
			isa = XCBuildConfiguration;
			buildSettings = {
				ASSETCATALOG_COMPILER_APPICON_NAME = AppIcon;
				ASSETCATALOG_COMPILER_GLOBAL_ACCENT_COLOR_NAME = AccentColor;
				CODE_SIGN_STYLE = Automatic;
				CURRENT_PROJECT_VERSION = 1;
				DEVELOPMENT_TEAM = 6FL7354HD3;
				GENERATE_INFOPLIST_FILE = YES;
				INFOPLIST_FILE = NyanNote/Info.plist;
				INFOPLIST_KEY_CFBundleDisplayName = "";
				INFOPLIST_KEY_LSApplicationCategoryType = "";
				INFOPLIST_KEY_NSHumanReadableCopyright = "";
				INFOPLIST_KEY_NSMicrophoneUsageDescription = "$(PRODUCT_BUNDLE_IDENTIFIER)";
				INFOPLIST_KEY_UIApplicationSupportsIndirectInputEvents = YES;
				INFOPLIST_KEY_UILaunchStoryboardName = LaunchScreen;
				INFOPLIST_KEY_UIMainStoryboardFile = PianoViewController;
				INFOPLIST_KEY_UISupportedInterfaceOrientations = "UIInterfaceOrientationLandscapeLeft UIInterfaceOrientationLandscapeRight";
				INFOPLIST_KEY_UISupportedInterfaceOrientations_iPad = "UIInterfaceOrientationLandscapeLeft UIInterfaceOrientationLandscapeRight UIInterfaceOrientationPortrait UIInterfaceOrientationPortraitUpsideDown";
				IPHONEOS_DEPLOYMENT_TARGET = 17.2;
				LD_RUNPATH_SEARCH_PATHS = (
					"$(inherited)",
					"@executable_path/Frameworks",
				);
				MARKETING_VERSION = 1.0;
				PRODUCT_BUNDLE_IDENTIFIER = IgarashiAi.NyanNote;
				PRODUCT_NAME = "$(TARGET_NAME)";
				SUPPORTED_PLATFORMS = "iphoneos iphonesimulator";
				SUPPORTS_MACCATALYST = NO;
				SUPPORTS_MAC_DESIGNED_FOR_IPHONE_IPAD = NO;
				SUPPORTS_XR_DESIGNED_FOR_IPHONE_IPAD = NO;
				SWIFT_EMIT_LOC_STRINGS = YES;
				SWIFT_VERSION = 5.0;
				TARGETED_DEVICE_FAMILY = 1;
			};
			name = Debug;
		};
		CE9DA2662B5B8EBF003DC918 /* Release */ = {
			isa = XCBuildConfiguration;
			buildSettings = {
				ASSETCATALOG_COMPILER_APPICON_NAME = AppIcon;
				ASSETCATALOG_COMPILER_GLOBAL_ACCENT_COLOR_NAME = AccentColor;
				CODE_SIGN_STYLE = Automatic;
				CURRENT_PROJECT_VERSION = 1;
				DEVELOPMENT_TEAM = 6FL7354HD3;
				GENERATE_INFOPLIST_FILE = YES;
				INFOPLIST_FILE = NyanNote/Info.plist;
				INFOPLIST_KEY_CFBundleDisplayName = "";
				INFOPLIST_KEY_LSApplicationCategoryType = "";
				INFOPLIST_KEY_NSHumanReadableCopyright = "";
				INFOPLIST_KEY_NSMicrophoneUsageDescription = "$(PRODUCT_BUNDLE_IDENTIFIER)";
				INFOPLIST_KEY_UIApplicationSupportsIndirectInputEvents = YES;
				INFOPLIST_KEY_UILaunchStoryboardName = LaunchScreen;
				INFOPLIST_KEY_UIMainStoryboardFile = PianoViewController;
				INFOPLIST_KEY_UISupportedInterfaceOrientations = "UIInterfaceOrientationLandscapeLeft UIInterfaceOrientationLandscapeRight";
				INFOPLIST_KEY_UISupportedInterfaceOrientations_iPad = "UIInterfaceOrientationLandscapeLeft UIInterfaceOrientationLandscapeRight UIInterfaceOrientationPortrait UIInterfaceOrientationPortraitUpsideDown";
				IPHONEOS_DEPLOYMENT_TARGET = 17.2;
				LD_RUNPATH_SEARCH_PATHS = (
					"$(inherited)",
					"@executable_path/Frameworks",
				);
				MARKETING_VERSION = 1.0;
				PRODUCT_BUNDLE_IDENTIFIER = IgarashiAi.NyanNote;
				PRODUCT_NAME = "$(TARGET_NAME)";
				SUPPORTED_PLATFORMS = "iphoneos iphonesimulator";
				SUPPORTS_MACCATALYST = NO;
				SUPPORTS_MAC_DESIGNED_FOR_IPHONE_IPAD = NO;
				SUPPORTS_XR_DESIGNED_FOR_IPHONE_IPAD = NO;
				SWIFT_EMIT_LOC_STRINGS = YES;
				SWIFT_VERSION = 5.0;
				TARGETED_DEVICE_FAMILY = 1;
			};
			name = Release;
		};
/* End XCBuildConfiguration section */

/* Begin XCConfigurationList section */
		CE9DA2482B5B8EBD003DC918 /* Build configuration list for PBXProject "NyanNote" */ = {
			isa = XCConfigurationList;
			buildConfigurations = (
				CE9DA2622B5B8EBF003DC918 /* Debug */,
				CE9DA2632B5B8EBF003DC918 /* Release */,
			);
			defaultConfigurationIsVisible = 0;
			defaultConfigurationName = Release;
		};
		CE9DA2642B5B8EBF003DC918 /* Build configuration list for PBXNativeTarget "NyanNote" */ = {
			isa = XCConfigurationList;
			buildConfigurations = (
				CE9DA2652B5B8EBF003DC918 /* Debug */,
				CE9DA2662B5B8EBF003DC918 /* Release */,
			);
			defaultConfigurationIsVisible = 0;
			defaultConfigurationName = Release;
		};
/* End XCConfigurationList section */

/* Begin XCVersionGroup section */
		CE9DA2592B5B8EBD003DC918 /* NyanNote.xcdatamodeld */ = {
			isa = XCVersionGroup;
			children = (
				CE9DA25A2B5B8EBD003DC918 /* NyanNote.xcdatamodel */,
			);
			currentVersion = CE9DA25A2B5B8EBD003DC918 /* NyanNote.xcdatamodel */;
			path = NyanNote.xcdatamodeld;
			sourceTree = "<group>";
			versionGroupType = wrapper.xcdatamodel;
		};
/* End XCVersionGroup section */
	};
	rootObject = CE9DA2452B5B8EBD003DC918 /* Project object */;
}
